<?xml version="1.0" encoding="utf-8"?>
<Project ToolsVersion="18.0" xmlns="http://schemas.microsoft.com/developer/msbuild/2003">
  <ItemGroup>
    <CustomBuild Include="D:\DFONE\DFONE_User_GUI_Source\host_app\DFONE\build-windows-release\apps-static\CMakeFiles\721009394a6a94dabbaa4b92cfa84b2c\INSTALL_force.rule">
      <Filter>CMake Rules</Filter>
    </CustomBuild>
  </ItemGroup>
  <ItemGroup>
    <Filter Include="CMake Rules">
      <UniqueIdentifier>{7816F524-5C08-36AB-9B4C-2D681CF959DA}</UniqueIdentifier>
    </Filter>
  </ItemGroup>
</Project>
