<?xml version="1.0" encoding="utf-8"?>
<Project ToolsVersion="18.0" xmlns="http://schemas.microsoft.com/developer/msbuild/2003">
  <ItemGroup>
    <ClCompile Include="D:\DFONE\DFONE_User_GUI_Source\host_app\DFONE\user_gui\src\user_cli.cpp">
      <Filter>Source Files</Filter>
    </ClCompile>
  </ItemGroup>
  <ItemGroup>
    <CustomBuild Include="D:\DFONE\DFONE_User_GUI_Source\host_app\DFONE\user_gui\CMakeLists.txt" />
  </ItemGroup>
  <ItemGroup>
    <Filter Include="Source Files">
      <UniqueIdentifier>{263432FE-22E8-3F2A-B238-1ACD2BD131AE}</UniqueIdentifier>
    </Filter>
  </ItemGroup>
</Project>
